// !$*UTF8*$!
{
	archiveVersion = 1;
	classes = {
	};
	objectVersion = 56;
	objects = {

/* Begin PBXBuildFile section */
		D8665C6D2BF074DB00880770 /* UIViewExtension.swift in Sources */ = {isa = PBXBuildFile; fileRef = D8665C6C2BF074DB00880770 /* UIViewExtension.swift */; };
		D899D2852BEFAF110070B0FF /* LocationViewController.swift in Sources */ = {isa = PBXBuildFile; fileRef = D899D2842BEFAF110070B0FF /* LocationViewController.swift */; };
		D8A00D262BEF4BA60064F47A /* Constants.swift in Sources */ = {isa = PBXBuildFile; fileRef = D8A00D242BEF4BA60064F47A /* Constants.swift */; };
		D8A00D272BEF4BA60064F47A /* BaseViewController.swift in Sources */ = {isa = PBXBuildFile; fileRef = D8A00D252BEF4BA60064F47A /* BaseViewController.swift */; };
		D8A00D292BEF4BD40064F47A /* UserDetailsViewController.swift in Sources */ = {isa = PBXBuildFile; fileRef = D8A00D282BEF4BD40064F47A /* UserDetailsViewController.swift */; };
		D8A00D2C2BEF4C0B0064F47A /* MainViewModel.swift in Sources */ = {isa = PBXBuildFile; fileRef = D8A00D2B2BEF4C0B0064F47A /* MainViewModel.swift */; };
		D8A00D2F2BEF4CA10064F47A /* UserDetailsInfoCell.swift in Sources */ = {isa = PBXBuildFile; fileRef = D8A00D2D2BEF4CA10064F47A /* UserDetailsInfoCell.swift */; };
		D8A00D302BEF4CA10064F47A /* UserDetailsInfoCell.xib in Resources */ = {isa = PBXBuildFile; fileRef = D8A00D2E2BEF4CA10064F47A /* UserDetailsInfoCell.xib */; };
		D8AD37392BEF4A1A00010EE1 /* AppDelegate.swift in Sources */ = {isa = PBXBuildFile; fileRef = D8AD37382BEF4A1A00010EE1 /* AppDelegate.swift */; };
		D8AD373B2BEF4A1A00010EE1 /* SceneDelegate.swift in Sources */ = {isa = PBXBuildFile; fileRef = D8AD373A2BEF4A1A00010EE1 /* SceneDelegate.swift */; };
		D8AD373D2BEF4A1A00010EE1 /* ViewController.swift in Sources */ = {isa = PBXBuildFile; fileRef = D8AD373C2BEF4A1A00010EE1 /* ViewController.swift */; };
		D8AD37402BEF4A1A00010EE1 /* Main.storyboard in Resources */ = {isa = PBXBuildFile; fileRef = D8AD373E2BEF4A1A00010EE1 /* Main.storyboard */; };
		D8AD37432BEF4A1A00010EE1 /* CoreData_and_API.xcdatamodeld in Sources */ = {isa = PBXBuildFile; fileRef = D8AD37412BEF4A1A00010EE1 /* CoreData_and_API.xcdatamodeld */; };
		D8AD37452BEF4A1B00010EE1 /* Assets.xcassets in Resources */ = {isa = PBXBuildFile; fileRef = D8AD37442BEF4A1B00010EE1 /* Assets.xcassets */; };
		D8AD37482BEF4A1B00010EE1 /* LaunchScreen.storyboard in Resources */ = {isa = PBXBuildFile; fileRef = D8AD37462BEF4A1B00010EE1 /* LaunchScreen.storyboard */; };
		D8BBABE62BEFD62800A925BE /* MainModel.swift in Sources */ = {isa = PBXBuildFile; fileRef = D8BBABE52BEFD62800A925BE /* MainModel.swift */; };
		D8F72C312BEFF77700E54367 /* UserDetailsViewModel.swift in Sources */ = {isa = PBXBuildFile; fileRef = D8F72C302BEFF77700E54367 /* UserDetailsViewModel.swift */; };
/* End PBXBuildFile section */

/* Begin PBXFileReference section */
		D8665C6C2BF074DB00880770 /* UIViewExtension.swift */ = {isa = PBXFileReference; lastKnownFileType = sourcecode.swift; path = UIViewExtension.swift; sourceTree = "<group>"; };
		D899D2842BEFAF110070B0FF /* LocationViewController.swift */ = {isa = PBXFileReference; lastKnownFileType = sourcecode.swift; path = LocationViewController.swift; sourceTree = "<group>"; };
		D8A00D242BEF4BA60064F47A /* Constants.swift */ = {isa = PBXFileReference; fileEncoding = 4; lastKnownFileType = sourcecode.swift; path = Constants.swift; sourceTree = "<group>"; };
		D8A00D252BEF4BA60064F47A /* BaseViewController.swift */ = {isa = PBXFileReference; fileEncoding = 4; lastKnownFileType = sourcecode.swift; path = BaseViewController.swift; sourceTree = "<group>"; };
		D8A00D282BEF4BD40064F47A /* UserDetailsViewController.swift */ = {isa = PBXFileReference; lastKnownFileType = sourcecode.swift; path = UserDetailsViewController.swift; sourceTree = "<group>"; };
		D8A00D2B2BEF4C0B0064F47A /* MainViewModel.swift */ = {isa = PBXFileReference; lastKnownFileType = sourcecode.swift; path = MainViewModel.swift; sourceTree = "<group>"; };
		D8A00D2D2BEF4CA10064F47A /* UserDetailsInfoCell.swift */ = {isa = PBXFileReference; lastKnownFileType = sourcecode.swift; path = UserDetailsInfoCell.swift; sourceTree = "<group>"; };
		D8A00D2E2BEF4CA10064F47A /* UserDetailsInfoCell.xib */ = {isa = PBXFileReference; lastKnownFileType = file.xib; path = UserDetailsInfoCell.xib; sourceTree = "<group>"; };
		D8AD37352BEF4A1A00010EE1 /* CoreData and API.app */ = {isa = PBXFileReference; explicitFileType = wrapper.application; includeInIndex = 0; path = "CoreData and API.app"; sourceTree = BUILT_PRODUCTS_DIR; };
		D8AD37382BEF4A1A00010EE1 /* AppDelegate.swift */ = {isa = PBXFileReference; lastKnownFileType = sourcecode.swift; path = AppDelegate.swift; sourceTree = "<group>"; };
		D8AD373A2BEF4A1A00010EE1 /* SceneDelegate.swift */ = {isa = PBXFileReference; lastKnownFileType = sourcecode.swift; path = SceneDelegate.swift; sourceTree = "<group>"; };
		D8AD373C2BEF4A1A00010EE1 /* ViewController.swift */ = {isa = PBXFileReference; lastKnownFileType = sourcecode.swift; path = ViewController.swift; sourceTree = "<group>"; };
		D8AD373F2BEF4A1A00010EE1 /* Base */ = {isa = PBXFileReference; lastKnownFileType = file.storyboard; name = Base; path = Base.lproj/Main.storyboard; sourceTree = "<group>"; };
		D8AD37422BEF4A1A00010EE1 /* CoreData_and_API.xcdatamodel */ = {isa = PBXFileReference; lastKnownFileType = wrapper.xcdatamodel; path = CoreData_and_API.xcdatamodel; sourceTree = "<group>"; };
		D8AD37442BEF4A1B00010EE1 /* Assets.xcassets */ = {isa = PBXFileReference; lastKnownFileType = folder.assetcatalog; path = Assets.xcassets; sourceTree = "<group>"; };
		D8AD37472BEF4A1B00010EE1 /* Base */ = {isa = PBXFileReference; lastKnownFileType = file.storyboard; name = Base; path = Base.lproj/LaunchScreen.storyboard; sourceTree = "<group>"; };
		D8AD37492BEF4A1B00010EE1 /* Info.plist */ = {isa = PBXFileReference; lastKnownFileType = text.plist.xml; path = Info.plist; sourceTree = "<group>"; };
		D8BBABE52BEFD62800A925BE /* MainModel.swift */ = {isa = PBXFileReference; lastKnownFileType = sourcecode.swift; path = MainModel.swift; sourceTree = "<group>"; };
		D8F72C302BEFF77700E54367 /* UserDetailsViewModel.swift */ = {isa = PBXFileReference; lastKnownFileType = sourcecode.swift; path = UserDetailsViewModel.swift; sourceTree = "<group>"; };
/* End PBXFileReference section */

/* Begin PBXFrameworksBuildPhase section */
		D8AD37322BEF4A1A00010EE1 /* Frameworks */ = {
			isa = PBXFrameworksBuildPhase;
			buildActionMask = 2147483647;
			files = (
			);
			runOnlyForDeploymentPostprocessing = 0;
		};
/* End PBXFrameworksBuildPhase section */

/* Begin PBXGroup section */
		D899D2832BEFAEF20070B0FF /* LocationView */ = {
			isa = PBXGroup;
			children = (
				D899D2862BEFB0DC0070B0FF /* View */,
			);
			name = LocationView;
			sourceTree = "<group>";
		};
		D899D2862BEFB0DC0070B0FF /* View */ = {
			isa = PBXGroup;
			children = (
				D899D2842BEFAF110070B0FF /* LocationViewController.swift */,
			);
			name = View;
			sourceTree = "<group>";
		};
		D8A00D1C2BEF4AC80064F47A /* Stoeyboard */ = {
			isa = PBXGroup;
			children = (
				D8AD373E2BEF4A1A00010EE1 /* Main.storyboard */,
				D8AD37462BEF4A1B00010EE1 /* LaunchScreen.storyboard */,
			);
			name = Stoeyboard;
			sourceTree = "<group>";
		};
		D8A00D1D2BEF4B550064F47A /* Source */ = {
			isa = PBXGroup;
			children = (
				D899D2832BEFAEF20070B0FF /* LocationView */,
				D8A00D1F2BEF4B6A0064F47A /* MainView */,
				D8A00D1E2BEF4B610064F47A /* User Details View */,
			);
			name = Source;
			sourceTree = "<group>";
		};
		D8A00D1E2BEF4B610064F47A /* User Details View */ = {
			isa = PBXGroup;
			children = (
				D8F72C2F2BEFF75900E54367 /* ViewModel */,
				D8A00D212BEF4B7F0064F47A /* View */,
			);
			name = "User Details View";
			sourceTree = "<group>";
		};
		D8A00D1F2BEF4B6A0064F47A /* MainView */ = {
			isa = PBXGroup;
			children = (
				D8BBABE42BEFD60400A925BE /* Model */,
				D8A00D2A2BEF4BF90064F47A /* ViewModel */,
				D8A00D202BEF4B750064F47A /* View */,
			);
			name = MainView;
			sourceTree = "<group>";
		};
		D8A00D202BEF4B750064F47A /* View */ = {
			isa = PBXGroup;
			children = (
				D8AD373C2BEF4A1A00010EE1 /* ViewController.swift */,
				D8A00D2D2BEF4CA10064F47A /* UserDetailsInfoCell.swift */,
				D8A00D2E2BEF4CA10064F47A /* UserDetailsInfoCell.xib */,
			);
			name = View;
			sourceTree = "<group>";
		};
		D8A00D212BEF4B7F0064F47A /* View */ = {
			isa = PBXGroup;
			children = (
				D8A00D282BEF4BD40064F47A /* UserDetailsViewController.swift */,
			);
			name = View;
			sourceTree = "<group>";
		};
		D8A00D222BEF4BA60064F47A /* Core Modules */ = {
			isa = PBXGroup;
			children = (
				D8A00D232BEF4BA60064F47A /* Helper */,
			);
			path = "Core Modules";
			sourceTree = "<group>";
		};
		D8A00D232BEF4BA60064F47A /* Helper */ = {
			isa = PBXGroup;
			children = (
				D8A00D242BEF4BA60064F47A /* Constants.swift */,
				D8A00D252BEF4BA60064F47A /* BaseViewController.swift */,
				D8665C6C2BF074DB00880770 /* UIViewExtension.swift */,
			);
			path = Helper;
			sourceTree = "<group>";
		};
		D8A00D2A2BEF4BF90064F47A /* ViewModel */ = {
			isa = PBXGroup;
			children = (
				D8A00D2B2BEF4C0B0064F47A /* MainViewModel.swift */,
			);
			name = ViewModel;
			sourceTree = "<group>";
		};
		D8AD372C2BEF4A1A00010EE1 = {
			isa = PBXGroup;
			children = (
				D8AD37372BEF4A1A00010EE1 /* CoreData and API */,
				D8AD37362BEF4A1A00010EE1 /* Products */,
			);
			sourceTree = "<group>";
		};
		D8AD37362BEF4A1A00010EE1 /* Products */ = {
			isa = PBXGroup;
			children = (
				D8AD37352BEF4A1A00010EE1 /* CoreData and API.app */,
			);
			name = Products;
			sourceTree = "<group>";
		};
		D8AD37372BEF4A1A00010EE1 /* CoreData and API */ = {
			isa = PBXGroup;
			children = (
				D8AD37412BEF4A1A00010EE1 /* CoreData_and_API.xcdatamodeld */,
				D8A00D222BEF4BA60064F47A /* Core Modules */,
				D8A00D1D2BEF4B550064F47A /* Source */,
				D8AD374F2BEF4A2400010EE1 /* Supporting Files */,
				D8A00D1C2BEF4AC80064F47A /* Stoeyboard */,
				D8AD37442BEF4A1B00010EE1 /* Assets.xcassets */,
				D8AD37492BEF4A1B00010EE1 /* Info.plist */,
			);
			path = "CoreData and API";
			sourceTree = "<group>";
		};
		D8AD374F2BEF4A2400010EE1 /* Supporting Files */ = {
			isa = PBXGroup;
			children = (
				D8AD37382BEF4A1A00010EE1 /* AppDelegate.swift */,
				D8AD373A2BEF4A1A00010EE1 /* SceneDelegate.swift */,
			);
			name = "Supporting Files";
			sourceTree = "<group>";
		};
		D8BBABE42BEFD60400A925BE /* Model */ = {
			isa = PBXGroup;
			children = (
				D8BBABE52BEFD62800A925BE /* MainModel.swift */,
			);
			name = Model;
			sourceTree = "<group>";
		};
		D8F72C2F2BEFF75900E54367 /* ViewModel */ = {
			isa = PBXGroup;
			children = (
				D8F72C302BEFF77700E54367 /* UserDetailsViewModel.swift */,
			);
			name = ViewModel;
			sourceTree = "<group>";
		};
/* End PBXGroup section */

/* Begin PBXNativeTarget section */
		D8AD37342BEF4A1A00010EE1 /* CoreData and API */ = {
			isa = PBXNativeTarget;
			buildConfigurationList = D8AD374C2BEF4A1B00010EE1 /* Build configuration list for PBXNativeTarget "CoreData and API" */;
			buildPhases = (
				D8AD37312BEF4A1A00010EE1 /* Sources */,
				D8AD37322BEF4A1A00010EE1 /* Frameworks */,
				D8AD37332BEF4A1A00010EE1 /* Resources */,
			);
			buildRules = (
			);
			dependencies = (
			);
			name = "CoreData and API";
			productName = "CoreData and API";
			productReference = D8AD37352BEF4A1A00010EE1 /* CoreData and API.app */;
			productType = "com.apple.product-type.application";
		};
/* End PBXNativeTarget section */

/* Begin PBXProject section */
		D8AD372D2BEF4A1A00010EE1 /* Project object */ = {
			isa = PBXProject;
			attributes = {
				BuildIndependentTargetsInParallel = 1;
				LastSwiftUpdateCheck = 1500;
				LastUpgradeCheck = 1500;
				TargetAttributes = {
					D8AD37342BEF4A1A00010EE1 = {
						CreatedOnToolsVersion = 15.0;
					};
				};
			};
			buildConfigurationList = D8AD37302BEF4A1A00010EE1 /* Build configuration list for PBXProject "CoreData and API" */;
			compatibilityVersion = "Xcode 14.0";
			developmentRegion = en;
			hasScannedForEncodings = 0;
			knownRegions = (
				en,
				Base,
			);
			mainGroup = D8AD372C2BEF4A1A00010EE1;
			productRefGroup = D8AD37362BEF4A1A00010EE1 /* Products */;
			projectDirPath = "";
			projectRoot = "";
			targets = (
				D8AD37342BEF4A1A00010EE1 /* CoreData and API */,
			);
		};
/* End PBXProject section */

/* Begin PBXResourcesBuildPhase section */
		D8AD37332BEF4A1A00010EE1 /* Resources */ = {
			isa = PBXResourcesBuildPhase;
			buildActionMask = 2147483647;
			files = (
				D8AD37482BEF4A1B00010EE1 /* LaunchScreen.storyboard in Resources */,
				D8A00D302BEF4CA10064F47A /* UserDetailsInfoCell.xib in Resources */,
				D8AD37452BEF4A1B00010EE1 /* Assets.xcassets in Resources */,
				D8AD37402BEF4A1A00010EE1 /* Main.storyboard in Resources */,
			);
			runOnlyForDeploymentPostprocessing = 0;
		};
/* End PBXResourcesBuildPhase section */

/* Begin PBXSourcesBuildPhase section */
		D8AD37312BEF4A1A00010EE1 /* Sources */ = {
			isa = PBXSourcesBuildPhase;
			buildActionMask = 2147483647;
			files = (
				D8A00D262BEF4BA60064F47A /* Constants.swift in Sources */,
				D8AD373D2BEF4A1A00010EE1 /* ViewController.swift in Sources */,
				D8F72C312BEFF77700E54367 /* UserDetailsViewModel.swift in Sources */,
				D8AD37392BEF4A1A00010EE1 /* AppDelegate.swift in Sources */,
				D8A00D2F2BEF4CA10064F47A /* UserDetailsInfoCell.swift in Sources */,
				D8AD373B2BEF4A1A00010EE1 /* SceneDelegate.swift in Sources */,
				D899D2852BEFAF110070B0FF /* LocationViewController.swift in Sources */,
				D8BBABE62BEFD62800A925BE /* MainModel.swift in Sources */,
				D8A00D292BEF4BD40064F47A /* UserDetailsViewController.swift in Sources */,
				D8665C6D2BF074DB00880770 /* UIViewExtension.swift in Sources */,
				D8AD37432BEF4A1A00010EE1 /* CoreData_and_API.xcdatamodeld in Sources */,
				D8A00D272BEF4BA60064F47A /* BaseViewController.swift in Sources */,
				D8A00D2C2BEF4C0B0064F47A /* MainViewModel.swift in Sources */,
			);
			runOnlyForDeploymentPostprocessing = 0;
		};
/* End PBXSourcesBuildPhase section */

/* Begin PBXVariantGroup section */
		D8AD373E2BEF4A1A00010EE1 /* Main.storyboard */ = {
			isa = PBXVariantGroup;
			children = (
				D8AD373F2BEF4A1A00010EE1 /* Base */,
			);
			name = Main.storyboard;
			sourceTree = "<group>";
		};
		D8AD37462BEF4A1B00010EE1 /* LaunchScreen.storyboard */ = {
			isa = PBXVariantGroup;
			children = (
				D8AD37472BEF4A1B00010EE1 /* Base */,
			);
			name = LaunchScreen.storyboard;
			sourceTree = "<group>";
		};
/* End PBXVariantGroup section */

/* Begin XCBuildConfiguration section */
		D8AD374A2BEF4A1B00010EE1 /* Debug */ = {
			isa = XCBuildConfiguration;
			buildSettings = {
				ALWAYS_SEARCH_USER_PATHS = NO;
				ASSETCATALOG_COMPILER_GENERATE_SWIFT_ASSET_SYMBOL_EXTENSIONS = YES;
				CLANG_ANALYZER_NONNULL = YES;
				CLANG_ANALYZER_NUMBER_OBJECT_CONVERSION = YES_AGGRESSIVE;
				CLANG_CXX_LANGUAGE_STANDARD = "gnu++20";
				CLANG_ENABLE_MODULES = YES;
				CLANG_ENABLE_OBJC_ARC = YES;
				CLANG_ENABLE_OBJC_WEAK = YES;
				CLANG_WARN_BLOCK_CAPTURE_AUTORELEASING = YES;
				CLANG_WARN_BOOL_CONVERSION = YES;
				CLANG_WARN_COMMA = YES;
				CLANG_WARN_CONSTANT_CONVERSION = YES;
				CLANG_WARN_DEPRECATED_OBJC_IMPLEMENTATIONS = YES;
				CLANG_WARN_DIRECT_OBJC_ISA_USAGE = YES_ERROR;
				CLANG_WARN_DOCUMENTATION_COMMENTS = YES;
				CLANG_WARN_EMPTY_BODY = YES;
				CLANG_WARN_ENUM_CONVERSION = YES;
				CLANG_WARN_INFINITE_RECURSION = YES;
				CLANG_WARN_INT_CONVERSION = YES;
				CLANG_WARN_NON_LITERAL_NULL_CONVERSION = YES;
				CLANG_WARN_OBJC_IMPLICIT_RETAIN_SELF = YES;
				CLANG_WARN_OBJC_LITERAL_CONVERSION = YES;
				CLANG_WARN_OBJC_ROOT_CLASS = YES_ERROR;
				CLANG_WARN_QUOTED_INCLUDE_IN_FRAMEWORK_HEADER = YES;
				CLANG_WARN_RANGE_LOOP_ANALYSIS = YES;
				CLANG_WARN_STRICT_PROTOTYPES = YES;
				CLANG_WARN_SUSPICIOUS_MOVE = YES;
				CLANG_WARN_UNGUARDED_AVAILABILITY = YES_AGGRESSIVE;
				CLANG_WARN_UNREACHABLE_CODE = YES;
				CLANG_WARN__DUPLICATE_METHOD_MATCH = YES;
				COPY_PHASE_STRIP = NO;
				DEBUG_INFORMATION_FORMAT = dwarf;
				ENABLE_STRICT_OBJC_MSGSEND = YES;
				ENABLE_TESTABILITY = YES;
				ENABLE_USER_SCRIPT_SANDBOXING = YES;
				GCC_C_LANGUAGE_STANDARD = gnu17;
				GCC_DYNAMIC_NO_PIC = NO;
				GCC_NO_COMMON_BLOCKS = YES;
				GCC_OPTIMIZATION_LEVEL = 0;
				GCC_PREPROCESSOR_DEFINITIONS = (
					"DEBUG=1",
					"$(inherited)",
				);
				GCC_WARN_64_TO_32_BIT_CONVERSION = YES;
				GCC_WARN_ABOUT_RETURN_TYPE = YES_ERROR;
				GCC_WARN_UNDECLARED_SELECTOR = YES;
				GCC_WARN_UNINITIALIZED_AUTOS = YES_AGGRESSIVE;
				GCC_WARN_UNUSED_FUNCTION = YES;
				GCC_WARN_UNUSED_VARIABLE = YES;
				IPHONEOS_DEPLOYMENT_TARGET = 17.0;
				LOCALIZATION_PREFERS_STRING_CATALOGS = YES;
				MTL_ENABLE_DEBUG_INFO = INCLUDE_SOURCE;
				MTL_FAST_MATH = YES;
				ONLY_ACTIVE_ARCH = YES;
				SDKROOT = iphoneos;
				SWIFT_ACTIVE_COMPILATION_CONDITIONS = "DEBUG $(inherited)";
				SWIFT_OPTIMIZATION_LEVEL = "-Onone";
			};
			name = Debug;
		};
		D8AD374B2BEF4A1B00010EE1 /* Release */ = {
			isa = XCBuildConfiguration;
			buildSettings = {
				ALWAYS_SEARCH_USER_PATHS = NO;
				ASSETCATALOG_COMPILER_GENERATE_SWIFT_ASSET_SYMBOL_EXTENSIONS = YES;
				CLANG_ANALYZER_NONNULL = YES;
				CLANG_ANALYZER_NUMBER_OBJECT_CONVERSION = YES_AGGRESSIVE;
				CLANG_CXX_LANGUAGE_STANDARD = "gnu++20";
				CLANG_ENABLE_MODULES = YES;
				CLANG_ENABLE_OBJC_ARC = YES;
				CLANG_ENABLE_OBJC_WEAK = YES;
				CLANG_WARN_BLOCK_CAPTURE_AUTORELEASING = YES;
				CLANG_WARN_BOOL_CONVERSION = YES;
				CLANG_WARN_COMMA = YES;
				CLANG_WARN_CONSTANT_CONVERSION = YES;
				CLANG_WARN_DEPRECATED_OBJC_IMPLEMENTATIONS = YES;
				CLANG_WARN_DIRECT_OBJC_ISA_USAGE = YES_ERROR;
				CLANG_WARN_DOCUMENTATION_COMMENTS = YES;
				CLANG_WARN_EMPTY_BODY = YES;
				CLANG_WARN_ENUM_CONVERSION = YES;
				CLANG_WARN_INFINITE_RECURSION = YES;
				CLANG_WARN_INT_CONVERSION = YES;
				CLANG_WARN_NON_LITERAL_NULL_CONVERSION = YES;
				CLANG_WARN_OBJC_IMPLICIT_RETAIN_SELF = YES;
				CLANG_WARN_OBJC_LITERAL_CONVERSION = YES;
				CLANG_WARN_OBJC_ROOT_CLASS = YES_ERROR;
				CLANG_WARN_QUOTED_INCLUDE_IN_FRAMEWORK_HEADER = YES;
				CLANG_WARN_RANGE_LOOP_ANALYSIS = YES;
				CLANG_WARN_STRICT_PROTOTYPES = YES;
				CLANG_WARN_SUSPICIOUS_MOVE = YES;
				CLANG_WARN_UNGUARDED_AVAILABILITY = YES_AGGRESSIVE;
				CLANG_WARN_UNREACHABLE_CODE = YES;
				CLANG_WARN__DUPLICATE_METHOD_MATCH = YES;
				COPY_PHASE_STRIP = NO;
				DEBUG_INFORMATION_FORMAT = "dwarf-with-dsym";
				ENABLE_NS_ASSERTIONS = NO;
				ENABLE_STRICT_OBJC_MSGSEND = YES;
				ENABLE_USER_SCRIPT_SANDBOXING = YES;
				GCC_C_LANGUAGE_STANDARD = gnu17;
				GCC_NO_COMMON_BLOCKS = YES;
				GCC_WARN_64_TO_32_BIT_CONVERSION = YES;
				GCC_WARN_ABOUT_RETURN_TYPE = YES_ERROR;
				GCC_WARN_UNDECLARED_SELECTOR = YES;
				GCC_WARN_UNINITIALIZED_AUTOS = YES_AGGRESSIVE;
				GCC_WARN_UNUSED_FUNCTION = YES;
				GCC_WARN_UNUSED_VARIABLE = YES;
				IPHONEOS_DEPLOYMENT_TARGET = 17.0;
				LOCALIZATION_PREFERS_STRING_CATALOGS = YES;
				MTL_ENABLE_DEBUG_INFO = NO;
				MTL_FAST_MATH = YES;
				SDKROOT = iphoneos;
				SWIFT_COMPILATION_MODE = wholemodule;
				VALIDATE_PRODUCT = YES;
			};
			name = Release;
		};
		D8AD374D2BEF4A1B00010EE1 /* Debug */ = {
			isa = XCBuildConfiguration;
			buildSettings = {
				ASSETCATALOG_COMPILER_APPICON_NAME = AppIcon;
				ASSETCATALOG_COMPILER_GLOBAL_ACCENT_COLOR_NAME = AccentColor;
				CODE_SIGN_STYLE = Automatic;
				CURRENT_PROJECT_VERSION = 1;
				DEVELOPMENT_TEAM = 7967LX3N37;
				GENERATE_INFOPLIST_FILE = YES;
				INFOPLIST_FILE = "CoreData and API/Info.plist";
				INFOPLIST_KEY_UIApplicationSupportsIndirectInputEvents = YES;
				INFOPLIST_KEY_UILaunchStoryboardName = LaunchScreen;
				INFOPLIST_KEY_UIMainStoryboardFile = Main;
				INFOPLIST_KEY_UISupportedInterfaceOrientations_iPad = "UIInterfaceOrientationPortrait UIInterfaceOrientationPortraitUpsideDown UIInterfaceOrientationLandscapeLeft UIInterfaceOrientationLandscapeRight";
				INFOPLIST_KEY_UISupportedInterfaceOrientations_iPhone = "UIInterfaceOrientationPortrait UIInterfaceOrientationLandscapeLeft UIInterfaceOrientationLandscapeRight";
				IPHONEOS_DEPLOYMENT_TARGET = 14.0;
				LD_RUNPATH_SEARCH_PATHS = (
					"$(inherited)",
					"@executable_path/Frameworks",
				);
				MARKETING_VERSION = 1.0;
				PRODUCT_BUNDLE_IDENTIFIER = "com.animeta.ai.CoreData-and-API";
				PRODUCT_NAME = "$(TARGET_NAME)";
				SWIFT_EMIT_LOC_STRINGS = YES;
				SWIFT_VERSION = 5.0;
				TARGETED_DEVICE_FAMILY = "1,2";
			};
			name = Debug;
		};
		D8AD374E2BEF4A1B00010EE1 /* Release */ = {
			isa = XCBuildConfiguration;
			buildSettings = {
				ASSETCATALOG_COMPILER_APPICON_NAME = AppIcon;
				ASSETCATALOG_COMPILER_GLOBAL_ACCENT_COLOR_NAME = AccentColor;
				CODE_SIGN_STYLE = Automatic;
				CURRENT_PROJECT_VERSION = 1;
				DEVELOPMENT_TEAM = 7967LX3N37;
				GENERATE_INFOPLIST_FILE = YES;
				INFOPLIST_FILE = "CoreData and API/Info.plist";
				INFOPLIST_KEY_UIApplicationSupportsIndirectInputEvents = YES;
				INFOPLIST_KEY_UILaunchStoryboardName = LaunchScreen;
				INFOPLIST_KEY_UIMainStoryboardFile = Main;
				INFOPLIST_KEY_UISupportedInterfaceOrientations_iPad = "UIInterfaceOrientationPortrait UIInterfaceOrientationPortraitUpsideDown UIInterfaceOrientationLandscapeLeft UIInterfaceOrientationLandscapeRight";
				INFOPLIST_KEY_UISupportedInterfaceOrientations_iPhone = "UIInterfaceOrientationPortrait UIInterfaceOrientationLandscapeLeft UIInterfaceOrientationLandscapeRight";
				IPHONEOS_DEPLOYMENT_TARGET = 14.0;
				LD_RUNPATH_SEARCH_PATHS = (
					"$(inherited)",
					"@executable_path/Frameworks",
				);
				MARKETING_VERSION = 1.0;
				PRODUCT_BUNDLE_IDENTIFIER = "com.animeta.ai.CoreData-and-API";
				PRODUCT_NAME = "$(TARGET_NAME)";
				SWIFT_EMIT_LOC_STRINGS = YES;
				SWIFT_VERSION = 5.0;
				TARGETED_DEVICE_FAMILY = "1,2";
			};
			name = Release;
		};
/* End XCBuildConfiguration section */

/* Begin XCConfigurationList section */
		D8AD37302BEF4A1A00010EE1 /* Build configuration list for PBXProject "CoreData and API" */ = {
			isa = XCConfigurationList;
			buildConfigurations = (
				D8AD374A2BEF4A1B00010EE1 /* Debug */,
				D8AD374B2BEF4A1B00010EE1 /* Release */,
			);
			defaultConfigurationIsVisible = 0;
			defaultConfigurationName = Release;
		};
		D8AD374C2BEF4A1B00010EE1 /* Build configuration list for PBXNativeTarget "CoreData and API" */ = {
			isa = XCConfigurationList;
			buildConfigurations = (
				D8AD374D2BEF4A1B00010EE1 /* Debug */,
				D8AD374E2BEF4A1B00010EE1 /* Release */,
			);
			defaultConfigurationIsVisible = 0;
			defaultConfigurationName = Release;
		};
/* End XCConfigurationList section */

/* Begin XCVersionGroup section */
		D8AD37412BEF4A1A00010EE1 /* CoreData_and_API.xcdatamodeld */ = {
			isa = XCVersionGroup;
			children = (
				D8AD37422BEF4A1A00010EE1 /* CoreData_and_API.xcdatamodel */,
			);
			currentVersion = D8AD37422BEF4A1A00010EE1 /* CoreData_and_API.xcdatamodel */;
			path = CoreData_and_API.xcdatamodeld;
			sourceTree = "<group>";
			versionGroupType = wrapper.xcdatamodel;
		};
/* End XCVersionGroup section */
	};
	rootObject = D8AD372D2BEF4A1A00010EE1 /* Project object */;
}
